
Microsoft Visual Studio Solution File, Format Version 12.00
# Visual Studio Version 17
VisualStudioVersion = 17.12.35514.174 d17.12
MinimumVisualStudioVersion = 10.0.40219.1
Project("{FAE04EC0-301F-11D3-BF4B-00C04F79EFBC}") = "TDD.CalcStatsTests", "TDD.CalcStatsTests\TDD.CalcStatsTests.csproj", "{46E71510-D595-496B-990D-547FAAF8C6B3}"
EndProject
Project("{FAE04EC0-301F-11D3-BF4B-00C04F79EFBC}") = "TDD.CalcStats", "TDD.CalcStats\TDD.CalcStats.csproj", "{D880ECC8-2A2B-4DF0-9456-0CAB72BA9434}"
EndProject
Global
	GlobalSection(SolutionConfigurationPlatforms) = preSolution
		Debug|Any CPU = Debug|Any CPU
		Release|Any CPU = Release|Any CPU
	EndGlobalSection
	GlobalSection(ProjectConfigurationPlatforms) = postSolution
		{46E71510-D595-496B-990D-547FAAF8C6B3}.Debug|Any CPU.ActiveCfg = Debug|Any CPU
		{46E71510-D595-496B-990D-547FAAF8C6B3}.Debug|Any CPU.Build.0 = Debug|Any CPU
		{46E71510-D595-496B-990D-547FAAF8C6B3}.Release|Any CPU.ActiveCfg = Release|Any CPU
		{46E71510-D595-496B-990D-547FAAF8C6B3}.Release|Any CPU.Build.0 = Release|Any CPU
		{D880ECC8-2A2B-4DF0-9456-0CAB72BA9434}.Debug|Any CPU.ActiveCfg = Debug|Any CPU
		{D880ECC8-2A2B-4DF0-9456-0CAB72BA9434}.Debug|Any CPU.Build.0 = Debug|Any CPU
		{D880ECC8-2A2B-4DF0-9456-0CAB72BA9434}.Release|Any CPU.ActiveCfg = Release|Any CPU
		{D880ECC8-2A2B-4DF0-9456-0CAB72BA9434}.Release|Any CPU.Build.0 = Release|Any CPU
	EndGlobalSection
	GlobalSection(SolutionProperties) = preSolution
		HideSolutionNode = FALSE
	EndGlobalSection
EndGlobal
